
Microsoft Visual Studio Solution File, Format Version 11.00
# Visual Studio 2010
Project("{F184B08F-C81C-45F6-A57F-5ABD9991F28F}") = "Ex3_24", "Ex3_24\Ex3_24.vbproj", "{00E18597-1899-46B0-826D-800420E8C863}"
EndProject
Global
	GlobalSection(SolutionConfigurationPlatforms) = preSolution
		Debug|x86 = Debug|x86
		Release|x86 = Release|x86
	EndGlobalSection
	GlobalSection(ProjectConfigurationPlatforms) = postSolution
		{00E18597-1899-46B0-826D-800420E8C863}.Debug|x86.ActiveCfg = Debug|x86
		{00E18597-1899-46B0-826D-800420E8C863}.Debug|x86.Build.0 = Debug|x86
		{00E18597-1899-46B0-826D-800420E8C863}.Release|x86.ActiveCfg = Release|x86
		{00E18597-1899-46B0-826D-800420E8C863}.Release|x86.Build.0 = Release|x86
	EndGlobalSection
	GlobalSection(SolutionProperties) = preSolution
		HideSolutionNode = FALSE
	EndGlobalSection
EndGlobal
