
Microsoft Visual Studio Solution File, Format Version 11.00
# Visual Studio 2010
Project("{F184B08F-C81C-45F6-A57F-5ABD9991F28F}") = "FormShow", "FormShow\FormShow.vbproj", "{25D17B38-FB1C-4953-BEE8-3A76E0F4380B}"
EndProject
Global
	GlobalSection(SolutionConfigurationPlatforms) = preSolution
		Debug|x86 = Debug|x86
		Release|x86 = Release|x86
	EndGlobalSection
	GlobalSection(ProjectConfigurationPlatforms) = postSolution
		{25D17B38-FB1C-4953-BEE8-3A76E0F4380B}.Debug|x86.ActiveCfg = Debug|x86
		{25D17B38-FB1C-4953-BEE8-3A76E0F4380B}.Debug|x86.Build.0 = Debug|x86
		{25D17B38-FB1C-4953-BEE8-3A76E0F4380B}.Release|x86.ActiveCfg = Release|x86
		{25D17B38-FB1C-4953-BEE8-3A76E0F4380B}.Release|x86.Build.0 = Release|x86
	EndGlobalSection
	GlobalSection(SolutionProperties) = preSolution
		HideSolutionNode = FALSE
	EndGlobalSection
EndGlobal
