
Microsoft Visual Studio Solution File, Format Version 12.00
# Visual Studio Version 16
VisualStudioVersion = 16.0.30503.244
MinimumVisualStudioVersion = 10.0.40219.1
Project("{F184B08F-C81C-45F6-A57F-5ABD9991F28F}") = "FormSize", "FormSize.vbproj", "{A57AFB6F-8401-422A-9ECF-936B3776EEDD}"
EndProject
Global
	GlobalSection(SolutionConfigurationPlatforms) = preSolution
		Debug|Any CPU = Debug|Any CPU
		Release|Any CPU = Release|Any CPU
	EndGlobalSection
	GlobalSection(ProjectConfigurationPlatforms) = postSolution
		{A57AFB6F-8401-422A-9ECF-936B3776EEDD}.Debug|Any CPU.ActiveCfg = Debug|Any CPU
		{A57AFB6F-8401-422A-9ECF-936B3776EEDD}.Debug|Any CPU.Build.0 = Debug|Any CPU
		{A57AFB6F-8401-422A-9ECF-936B3776EEDD}.Release|Any CPU.ActiveCfg = Release|Any CPU
		{A57AFB6F-8401-422A-9ECF-936B3776EEDD}.Release|Any CPU.Build.0 = Release|Any CPU
	EndGlobalSection
	GlobalSection(SolutionProperties) = preSolution
		HideSolutionNode = FALSE
	EndGlobalSection
	GlobalSection(ExtensibilityGlobals) = postSolution
		SolutionGuid = {15D27D2D-AB78-46E8-BBCF-E9F2BA8A1637}
	EndGlobalSection
EndGlobal
