
Microsoft Visual Studio Solution File, Format Version 12.00
# Visual Studio Version 16
VisualStudioVersion = 16.0.30804.86
MinimumVisualStudioVersion = 10.0.40219.1
Project("{F184B08F-C81C-45F6-A57F-5ABD9991F28F}") = "E3.13", "E3.13.vbproj", "{171AB7E5-6AA6-4502-9A14-076108296A15}"
EndProject
Global
	GlobalSection(SolutionConfigurationPlatforms) = preSolution
		Debug|Any CPU = Debug|Any CPU
		Release|Any CPU = Release|Any CPU
	EndGlobalSection
	GlobalSection(ProjectConfigurationPlatforms) = postSolution
		{171AB7E5-6AA6-4502-9A14-076108296A15}.Debug|Any CPU.ActiveCfg = Debug|Any CPU
		{171AB7E5-6AA6-4502-9A14-076108296A15}.Debug|Any CPU.Build.0 = Debug|Any CPU
		{171AB7E5-6AA6-4502-9A14-076108296A15}.Release|Any CPU.ActiveCfg = Release|Any CPU
		{171AB7E5-6AA6-4502-9A14-076108296A15}.Release|Any CPU.Build.0 = Release|Any CPU
	EndGlobalSection
	GlobalSection(SolutionProperties) = preSolution
		HideSolutionNode = FALSE
	EndGlobalSection
	GlobalSection(ExtensibilityGlobals) = postSolution
		SolutionGuid = {C06A3D5B-9C57-4DC1-AC45-41EC20398C24}
	EndGlobalSection
EndGlobal
