
Microsoft Visual Studio Solution File, Format Version 11.00
# Visual Studio 2010
Project("{F184B08F-C81C-45F6-A57F-5ABD9991F28F}") = "Ex5_7", "Ex5_7\Ex5_7.vbproj", "{DD28F493-E3F4-4854-AE93-35DE3BC92F62}"
EndProject
Global
	GlobalSection(SolutionConfigurationPlatforms) = preSolution
		Debug|x86 = Debug|x86
		Release|x86 = Release|x86
	EndGlobalSection
	GlobalSection(ProjectConfigurationPlatforms) = postSolution
		{DD28F493-E3F4-4854-AE93-35DE3BC92F62}.Debug|x86.ActiveCfg = Debug|x86
		{DD28F493-E3F4-4854-AE93-35DE3BC92F62}.Debug|x86.Build.0 = Debug|x86
		{DD28F493-E3F4-4854-AE93-35DE3BC92F62}.Release|x86.ActiveCfg = Release|x86
		{DD28F493-E3F4-4854-AE93-35DE3BC92F62}.Release|x86.Build.0 = Release|x86
	EndGlobalSection
	GlobalSection(SolutionProperties) = preSolution
		HideSolutionNode = FALSE
	EndGlobalSection
EndGlobal
