
Microsoft Visual Studio Solution File, Format Version 11.00
# Visual Studio 2010
Project("{F184B08F-C81C-45F6-A57F-5ABD9991F28F}") = "Ex7_11", "Ex7_11\Ex7_11.vbproj", "{A84558DD-95B1-4F0D-A074-C976F0E20332}"
EndProject
Global
	GlobalSection(SolutionConfigurationPlatforms) = preSolution
		Debug|x86 = Debug|x86
		Release|x86 = Release|x86
	EndGlobalSection
	GlobalSection(ProjectConfigurationPlatforms) = postSolution
		{A84558DD-95B1-4F0D-A074-C976F0E20332}.Debug|x86.ActiveCfg = Debug|x86
		{A84558DD-95B1-4F0D-A074-C976F0E20332}.Debug|x86.Build.0 = Debug|x86
		{A84558DD-95B1-4F0D-A074-C976F0E20332}.Release|x86.ActiveCfg = Release|x86
		{A84558DD-95B1-4F0D-A074-C976F0E20332}.Release|x86.Build.0 = Release|x86
	EndGlobalSection
	GlobalSection(SolutionProperties) = preSolution
		HideSolutionNode = FALSE
	EndGlobalSection
EndGlobal
