
Microsoft Visual Studio Solution File, Format Version 12.00
# Visual Studio Version 16
VisualStudioVersion = 16.0.28803.202
MinimumVisualStudioVersion = 10.0.40219.1
Project("{F184B08F-C81C-45F6-A57F-5ABD9991F28F}") = "例3.9", "例3.9.vbproj", "{355EE42F-AA44-4536-82C0-49B55E696525}"
EndProject
Global
	GlobalSection(SolutionConfigurationPlatforms) = preSolution
		Debug|Any CPU = Debug|Any CPU
		Release|Any CPU = Release|Any CPU
	EndGlobalSection
	GlobalSection(ProjectConfigurationPlatforms) = postSolution
		{355EE42F-AA44-4536-82C0-49B55E696525}.Debug|Any CPU.ActiveCfg = Debug|Any CPU
		{355EE42F-AA44-4536-82C0-49B55E696525}.Debug|Any CPU.Build.0 = Debug|Any CPU
		{355EE42F-AA44-4536-82C0-49B55E696525}.Release|Any CPU.ActiveCfg = Release|Any CPU
		{355EE42F-AA44-4536-82C0-49B55E696525}.Release|Any CPU.Build.0 = Release|Any CPU
	EndGlobalSection
	GlobalSection(SolutionProperties) = preSolution
		HideSolutionNode = FALSE
	EndGlobalSection
	GlobalSection(ExtensibilityGlobals) = postSolution
		SolutionGuid = {99E03875-3BA9-4B71-A6FC-C7F57D2B64F5}
	EndGlobalSection
EndGlobal
