
Microsoft Visual Studio Solution File, Format Version 12.00
# Visual Studio Version 16
VisualStudioVersion = 16.0.30804.86
MinimumVisualStudioVersion = 10.0.40219.1
Project("{F184B08F-C81C-45F6-A57F-5ABD9991F28F}") = "E3.22", "E3.22.vbproj", "{0237D9C1-7630-4843-98CE-AF78D0C8FD81}"
EndProject
Global
	GlobalSection(SolutionConfigurationPlatforms) = preSolution
		Debug|Any CPU = Debug|Any CPU
		Release|Any CPU = Release|Any CPU
	EndGlobalSection
	GlobalSection(ProjectConfigurationPlatforms) = postSolution
		{0237D9C1-7630-4843-98CE-AF78D0C8FD81}.Debug|Any CPU.ActiveCfg = Debug|Any CPU
		{0237D9C1-7630-4843-98CE-AF78D0C8FD81}.Debug|Any CPU.Build.0 = Debug|Any CPU
		{0237D9C1-7630-4843-98CE-AF78D0C8FD81}.Release|Any CPU.ActiveCfg = Release|Any CPU
		{0237D9C1-7630-4843-98CE-AF78D0C8FD81}.Release|Any CPU.Build.0 = Release|Any CPU
	EndGlobalSection
	GlobalSection(SolutionProperties) = preSolution
		HideSolutionNode = FALSE
	EndGlobalSection
	GlobalSection(ExtensibilityGlobals) = postSolution
		SolutionGuid = {1439FE82-9B73-4630-ADC1-EB6BA8CE3B07}
	EndGlobalSection
EndGlobal
