
Microsoft Visual Studio Solution File, Format Version 11.00
# Visual Studio 2010
Project("{F184B08F-C81C-45F6-A57F-5ABD9991F28F}") = "Ex5_5", "Ex5_5\Ex5_5.vbproj", "{82D75E75-2306-404A-A7D2-7B2CB1F4F7D8}"
EndProject
Global
	GlobalSection(SolutionConfigurationPlatforms) = preSolution
		Debug|x86 = Debug|x86
		Release|x86 = Release|x86
	EndGlobalSection
	GlobalSection(ProjectConfigurationPlatforms) = postSolution
		{82D75E75-2306-404A-A7D2-7B2CB1F4F7D8}.Debug|x86.ActiveCfg = Debug|x86
		{82D75E75-2306-404A-A7D2-7B2CB1F4F7D8}.Debug|x86.Build.0 = Debug|x86
		{82D75E75-2306-404A-A7D2-7B2CB1F4F7D8}.Release|x86.ActiveCfg = Release|x86
		{82D75E75-2306-404A-A7D2-7B2CB1F4F7D8}.Release|x86.Build.0 = Release|x86
	EndGlobalSection
	GlobalSection(SolutionProperties) = preSolution
		HideSolutionNode = FALSE
	EndGlobalSection
EndGlobal
