
Microsoft Visual Studio Solution File, Format Version 11.00
# Visual Studio 2010
Project("{F184B08F-C81C-45F6-A57F-5ABD9991F28F}") = "Ex7_5", "Ex7_5\Ex7_5.vbproj", "{B9918A95-9586-4F65-9927-76386F017311}"
EndProject
Global
	GlobalSection(SolutionConfigurationPlatforms) = preSolution
		Debug|x86 = Debug|x86
		Release|x86 = Release|x86
	EndGlobalSection
	GlobalSection(ProjectConfigurationPlatforms) = postSolution
		{B9918A95-9586-4F65-9927-76386F017311}.Debug|x86.ActiveCfg = Debug|x86
		{B9918A95-9586-4F65-9927-76386F017311}.Debug|x86.Build.0 = Debug|x86
		{B9918A95-9586-4F65-9927-76386F017311}.Release|x86.ActiveCfg = Release|x86
		{B9918A95-9586-4F65-9927-76386F017311}.Release|x86.Build.0 = Release|x86
	EndGlobalSection
	GlobalSection(SolutionProperties) = preSolution
		HideSolutionNode = FALSE
	EndGlobalSection
EndGlobal
